
Microsoft Visual Studio Solution File, Format Version 12.00
# Visual Studio 15
VisualStudioVersion = 15.0.26730.3
MinimumVisualStudioVersion = 10.0.40219.1
Project("{FAE04EC0-301F-11D3-BF4B-00C04F79EFBC}") = "WebCase", "WebCase\WebCase.csproj", "{F35D6814-67C5-4494-B7EA-4E336CF53CA5}"
EndProject
Global
	GlobalSection(SolutionConfigurationPlatforms) = preSolution
		Debug|Any CPU = Debug|Any CPU
		Release|Any CPU = Release|Any CPU
	EndGlobalSection
	GlobalSection(ProjectConfigurationPlatforms) = postSolution
		{F35D6814-67C5-4494-B7EA-4E336CF53CA5}.Debug|Any CPU.ActiveCfg = Debug|Any CPU
		{F35D6814-67C5-4494-B7EA-4E336CF53CA5}.Debug|Any CPU.Build.0 = Debug|Any CPU
		{F35D6814-67C5-4494-B7EA-4E336CF53CA5}.Release|Any CPU.ActiveCfg = Release|Any CPU
		{F35D6814-67C5-4494-B7EA-4E336CF53CA5}.Release|Any CPU.Build.0 = Release|Any CPU
	EndGlobalSection
	GlobalSection(SolutionProperties) = preSolution
		HideSolutionNode = FALSE
	EndGlobalSection
	GlobalSection(ExtensibilityGlobals) = postSolution
		SolutionGuid = {CDB2E439-3159-41D8-82D7-303C2FC9AB20}
	EndGlobalSection
EndGlobal
