
Microsoft Visual Studio Solution File, Format Version 12.00
# Visual Studio 15
VisualStudioVersion = 15.0.26730.10
MinimumVisualStudioVersion = 10.0.40219.1
Project("{FAE04EC0-301F-11D3-BF4B-00C04F79EFBC}") = "WebCase", "WebCase\WebCase.csproj", "{F35D6814-67C5-4494-B7EA-4E336CF53CA5}"
EndProject
Project("{FAE04EC0-301F-11D3-BF4B-00C04F79EFBC}") = "CaseDatabase", "Database\CaseDatabase.csproj", "{8D096864-9EEA-4CE7-8A2E-CDD64B1AD382}"
EndProject
Project("{FAE04EC0-301F-11D3-BF4B-00C04F79EFBC}") = "WebCase.Services", "WebCase.Services\WebCase.Services.csproj", "{E051FAAB-0D8E-4677-B86A-923B87A4258B}"
EndProject
Project("{FAE04EC0-301F-11D3-BF4B-00C04F79EFBC}") = "WebCase.Models", "WebCase.Models\WebCase.Models.csproj", "{34EC5ABD-8B11-4E45-A655-853B2F4D64A5}"
EndProject
Project("{FAE04EC0-301F-11D3-BF4B-00C04F79EFBC}") = "TestProject", "TestProject\TestProject.csproj", "{016F6B8D-A38B-4296-9C57-A20C0B346CBC}"
EndProject
Global
	GlobalSection(SolutionConfigurationPlatforms) = preSolution
		Debug|Any CPU = Debug|Any CPU
		Release|Any CPU = Release|Any CPU
	EndGlobalSection
	GlobalSection(ProjectConfigurationPlatforms) = postSolution
		{F35D6814-67C5-4494-B7EA-4E336CF53CA5}.Debug|Any CPU.ActiveCfg = Debug|Any CPU
		{F35D6814-67C5-4494-B7EA-4E336CF53CA5}.Debug|Any CPU.Build.0 = Debug|Any CPU
		{F35D6814-67C5-4494-B7EA-4E336CF53CA5}.Release|Any CPU.ActiveCfg = Release|Any CPU
		{F35D6814-67C5-4494-B7EA-4E336CF53CA5}.Release|Any CPU.Build.0 = Release|Any CPU
		{8D096864-9EEA-4CE7-8A2E-CDD64B1AD382}.Debug|Any CPU.ActiveCfg = Debug|Any CPU
		{8D096864-9EEA-4CE7-8A2E-CDD64B1AD382}.Debug|Any CPU.Build.0 = Debug|Any CPU
		{8D096864-9EEA-4CE7-8A2E-CDD64B1AD382}.Release|Any CPU.ActiveCfg = Release|Any CPU
		{8D096864-9EEA-4CE7-8A2E-CDD64B1AD382}.Release|Any CPU.Build.0 = Release|Any CPU
		{E051FAAB-0D8E-4677-B86A-923B87A4258B}.Debug|Any CPU.ActiveCfg = Debug|Any CPU
		{E051FAAB-0D8E-4677-B86A-923B87A4258B}.Debug|Any CPU.Build.0 = Debug|Any CPU
		{E051FAAB-0D8E-4677-B86A-923B87A4258B}.Release|Any CPU.ActiveCfg = Release|Any CPU
		{E051FAAB-0D8E-4677-B86A-923B87A4258B}.Release|Any CPU.Build.0 = Release|Any CPU
		{34EC5ABD-8B11-4E45-A655-853B2F4D64A5}.Debug|Any CPU.ActiveCfg = Debug|Any CPU
		{34EC5ABD-8B11-4E45-A655-853B2F4D64A5}.Debug|Any CPU.Build.0 = Debug|Any CPU
		{34EC5ABD-8B11-4E45-A655-853B2F4D64A5}.Release|Any CPU.ActiveCfg = Release|Any CPU
		{34EC5ABD-8B11-4E45-A655-853B2F4D64A5}.Release|Any CPU.Build.0 = Release|Any CPU
		{016F6B8D-A38B-4296-9C57-A20C0B346CBC}.Debug|Any CPU.ActiveCfg = Debug|Any CPU
		{016F6B8D-A38B-4296-9C57-A20C0B346CBC}.Debug|Any CPU.Build.0 = Debug|Any CPU
		{016F6B8D-A38B-4296-9C57-A20C0B346CBC}.Release|Any CPU.ActiveCfg = Release|Any CPU
		{016F6B8D-A38B-4296-9C57-A20C0B346CBC}.Release|Any CPU.Build.0 = Release|Any CPU
	EndGlobalSection
	GlobalSection(SolutionProperties) = preSolution
		HideSolutionNode = FALSE
	EndGlobalSection
	GlobalSection(ExtensibilityGlobals) = postSolution
		SolutionGuid = {CDB2E439-3159-41D8-82D7-303C2FC9AB20}
	EndGlobalSection
EndGlobal
